
Microsoft Visual Studio Solution File, Format Version 12.00
# Visual Studio Version 17
VisualStudioVersion = 17.7.34024.191
MinimumVisualStudioVersion = 10.0.40219.1
Project("{FAE04EC0-301F-11D3-BF4B-00C04F79EFBC}") = "fft-demo-wpf", "fft-demo-wpf\fft-demo-wpf.csproj", "{BC885C4F-6226-415C-8064-5A1B1E356A1C}"
EndProject
Global
	GlobalSection(SolutionConfigurationPlatforms) = preSolution
		Debug|Any CPU = Debug|Any CPU
		Release|Any CPU = Release|Any CPU
	EndGlobalSection
	GlobalSection(ProjectConfigurationPlatforms) = postSolution
		{BC885C4F-6226-415C-8064-5A1B1E356A1C}.Debug|Any CPU.ActiveCfg = Debug|Any CPU
		{BC885C4F-6226-415C-8064-5A1B1E356A1C}.Debug|Any CPU.Build.0 = Debug|Any CPU
		{BC885C4F-6226-415C-8064-5A1B1E356A1C}.Release|Any CPU.ActiveCfg = Release|Any CPU
		{BC885C4F-6226-415C-8064-5A1B1E356A1C}.Release|Any CPU.Build.0 = Release|Any CPU
	EndGlobalSection
	GlobalSection(SolutionProperties) = preSolution
		HideSolutionNode = FALSE
	EndGlobalSection
	GlobalSection(ExtensibilityGlobals) = postSolution
		SolutionGuid = {260E3354-202C-43D5-9101-13424E5EFF8B}
	EndGlobalSection
EndGlobal
